// !$*UTF8*$!
{
	archiveVersion = 1;
	classes = {
	};
	objectVersion = 56;
	objects = {

/* Begin PBXBuildFile section */
		3508F6C7F196218586B3F473 /* Pods_Stocks.framework in Frameworks */ = {isa = PBXBuildFile; fileRef = B44A0B6BC68E4FFA2218B2CE /* Pods_Stocks.framework */; };
		D66D81BE29F12C4F00FAFB82 /* AppDelegate.swift in Sources */ = {isa = PBXBuildFile; fileRef = D66D81BD29F12C4F00FAFB82 /* AppDelegate.swift */; };
		D66D81C029F12C4F00FAFB82 /* SceneDelegate.swift in Sources */ = {isa = PBXBuildFile; fileRef = D66D81BF29F12C4F00FAFB82 /* SceneDelegate.swift */; };
		D66D81C229F12C4F00FAFB82 /* WatchlistViewController.swift in Sources */ = {isa = PBXBuildFile; fileRef = D66D81C129F12C4F00FAFB82 /* WatchlistViewController.swift */; };
		D66D81C729F12C5300FAFB82 /* Assets.xcassets in Resources */ = {isa = PBXBuildFile; fileRef = D66D81C629F12C5300FAFB82 /* Assets.xcassets */; };
		D66D81CA29F12C5300FAFB82 /* LaunchScreen.storyboard in Resources */ = {isa = PBXBuildFile; fileRef = D66D81C829F12C5300FAFB82 /* LaunchScreen.storyboard */; };
		D66D81D729F12F2300FAFB82 /* NewsViewController.swift in Sources */ = {isa = PBXBuildFile; fileRef = D66D81D629F12F2300FAFB82 /* NewsViewController.swift */; };
		D66D81D929F12F6500FAFB82 /* SearchResultsViewController.swift in Sources */ = {isa = PBXBuildFile; fileRef = D66D81D829F12F6500FAFB82 /* SearchResultsViewController.swift */; };
		D66D81DB29F1303900FAFB82 /* StockDetailsViewController.swift in Sources */ = {isa = PBXBuildFile; fileRef = D66D81DA29F1303900FAFB82 /* StockDetailsViewController.swift */; };
		D66D81DD29F14CB900FAFB82 /* APICaller.swift in Sources */ = {isa = PBXBuildFile; fileRef = D66D81DC29F14CB900FAFB82 /* APICaller.swift */; };
		D66D81DF29F14CEC00FAFB82 /* PersistenceManager.swift in Sources */ = {isa = PBXBuildFile; fileRef = D66D81DE29F14CEC00FAFB82 /* PersistenceManager.swift */; };
		D66D81E129F14D1B00FAFB82 /* HapticsManager.swift in Sources */ = {isa = PBXBuildFile; fileRef = D66D81E029F14D1B00FAFB82 /* HapticsManager.swift */; };
		D66D81E329F2858000FAFB82 /* Extensions.swift in Sources */ = {isa = PBXBuildFile; fileRef = D66D81E229F2858000FAFB82 /* Extensions.swift */; };
		D66D81E529F28CD600FAFB82 /* SearchResultTableViewCell.swift in Sources */ = {isa = PBXBuildFile; fileRef = D66D81E429F28CD600FAFB82 /* SearchResultTableViewCell.swift */; };
		D66D81E729F2A69700FAFB82 /* SearchResponse.swift in Sources */ = {isa = PBXBuildFile; fileRef = D66D81E629F2A69700FAFB82 /* SearchResponse.swift */; };
		D66D81EB29F3E14800FAFB82 /* NewsHeaderView.swift in Sources */ = {isa = PBXBuildFile; fileRef = D66D81EA29F3E14800FAFB82 /* NewsHeaderView.swift */; };
		D66D81ED29F4101600FAFB82 /* NewsStory.swift in Sources */ = {isa = PBXBuildFile; fileRef = D66D81EC29F4101600FAFB82 /* NewsStory.swift */; };
		D66D81EF29F41AEA00FAFB82 /* NewsStoryTableViewCell.swift in Sources */ = {isa = PBXBuildFile; fileRef = D66D81EE29F41AEA00FAFB82 /* NewsStoryTableViewCell.swift */; };
		D66D81F129F6735A00FAFB82 /* MarketDataResponse.swift in Sources */ = {isa = PBXBuildFile; fileRef = D66D81F029F6735A00FAFB82 /* MarketDataResponse.swift */; };
		D66D81F329F689D000FAFB82 /* WatchlistTableViewCell.swift in Sources */ = {isa = PBXBuildFile; fileRef = D66D81F229F689D000FAFB82 /* WatchlistTableViewCell.swift */; };
		D66D81F529F6900D00FAFB82 /* StockChartView.swift in Sources */ = {isa = PBXBuildFile; fileRef = D66D81F429F6900D00FAFB82 /* StockChartView.swift */; };
		D66D81F729F7F9DF00FAFB82 /* FinancialMetricsResponse.swift in Sources */ = {isa = PBXBuildFile; fileRef = D66D81F629F7F9DF00FAFB82 /* FinancialMetricsResponse.swift */; };
		D66D81F929F803EE00FAFB82 /* StockDetailHeaderView.swift in Sources */ = {isa = PBXBuildFile; fileRef = D66D81F829F803EE00FAFB82 /* StockDetailHeaderView.swift */; };
		D66D81FB29F8D77900FAFB82 /* MetricCollectionViewCell.swift in Sources */ = {isa = PBXBuildFile; fileRef = D66D81FA29F8D77900FAFB82 /* MetricCollectionViewCell.swift */; };
		D66D820329FA3A7100FAFB82 /* StocksTests.swift in Sources */ = {isa = PBXBuildFile; fileRef = D66D820229FA3A7100FAFB82 /* StocksTests.swift */; };
/* End PBXBuildFile section */

/* Begin PBXContainerItemProxy section */
		D66D820429FA3A7100FAFB82 /* PBXContainerItemProxy */ = {
			isa = PBXContainerItemProxy;
			containerPortal = D66D81B229F12C4F00FAFB82 /* Project object */;
			proxyType = 1;
			remoteGlobalIDString = D66D81B929F12C4F00FAFB82;
			remoteInfo = Stocks;
		};
/* End PBXContainerItemProxy section */

/* Begin PBXFileReference section */
		96A47FBA86FFF8A0A48C6D8E /* Pods-Stocks.release.xcconfig */ = {isa = PBXFileReference; includeInIndex = 1; lastKnownFileType = text.xcconfig; name = "Pods-Stocks.release.xcconfig"; path = "Target Support Files/Pods-Stocks/Pods-Stocks.release.xcconfig"; sourceTree = "<group>"; };
		B44A0B6BC68E4FFA2218B2CE /* Pods_Stocks.framework */ = {isa = PBXFileReference; explicitFileType = wrapper.framework; includeInIndex = 0; path = Pods_Stocks.framework; sourceTree = BUILT_PRODUCTS_DIR; };
		D66D81BA29F12C4F00FAFB82 /* Stocks.app */ = {isa = PBXFileReference; explicitFileType = wrapper.application; includeInIndex = 0; path = Stocks.app; sourceTree = BUILT_PRODUCTS_DIR; };
		D66D81BD29F12C4F00FAFB82 /* AppDelegate.swift */ = {isa = PBXFileReference; lastKnownFileType = sourcecode.swift; path = AppDelegate.swift; sourceTree = "<group>"; };
		D66D81BF29F12C4F00FAFB82 /* SceneDelegate.swift */ = {isa = PBXFileReference; lastKnownFileType = sourcecode.swift; path = SceneDelegate.swift; sourceTree = "<group>"; };
		D66D81C129F12C4F00FAFB82 /* WatchlistViewController.swift */ = {isa = PBXFileReference; lastKnownFileType = sourcecode.swift; path = WatchlistViewController.swift; sourceTree = "<group>"; };
		D66D81C629F12C5300FAFB82 /* Assets.xcassets */ = {isa = PBXFileReference; lastKnownFileType = folder.assetcatalog; path = Assets.xcassets; sourceTree = "<group>"; };
		D66D81C929F12C5300FAFB82 /* Base */ = {isa = PBXFileReference; lastKnownFileType = file.storyboard; name = Base; path = Base.lproj/LaunchScreen.storyboard; sourceTree = "<group>"; };
		D66D81CB29F12C5300FAFB82 /* Info.plist */ = {isa = PBXFileReference; lastKnownFileType = text.plist.xml; path = Info.plist; sourceTree = "<group>"; };
		D66D81D629F12F2300FAFB82 /* NewsViewController.swift */ = {isa = PBXFileReference; lastKnownFileType = sourcecode.swift; path = NewsViewController.swift; sourceTree = "<group>"; };
		D66D81D829F12F6500FAFB82 /* SearchResultsViewController.swift */ = {isa = PBXFileReference; lastKnownFileType = sourcecode.swift; path = SearchResultsViewController.swift; sourceTree = "<group>"; };
		D66D81DA29F1303900FAFB82 /* StockDetailsViewController.swift */ = {isa = PBXFileReference; lastKnownFileType = sourcecode.swift; path = StockDetailsViewController.swift; sourceTree = "<group>"; };
		D66D81DC29F14CB900FAFB82 /* APICaller.swift */ = {isa = PBXFileReference; lastKnownFileType = sourcecode.swift; path = APICaller.swift; sourceTree = "<group>"; };
		D66D81DE29F14CEC00FAFB82 /* PersistenceManager.swift */ = {isa = PBXFileReference; lastKnownFileType = sourcecode.swift; path = PersistenceManager.swift; sourceTree = "<group>"; };
		D66D81E029F14D1B00FAFB82 /* HapticsManager.swift */ = {isa = PBXFileReference; lastKnownFileType = sourcecode.swift; path = HapticsManager.swift; sourceTree = "<group>"; };
		D66D81E229F2858000FAFB82 /* Extensions.swift */ = {isa = PBXFileReference; lastKnownFileType = sourcecode.swift; path = Extensions.swift; sourceTree = "<group>"; };
		D66D81E429F28CD600FAFB82 /* SearchResultTableViewCell.swift */ = {isa = PBXFileReference; lastKnownFileType = sourcecode.swift; path = SearchResultTableViewCell.swift; sourceTree = "<group>"; };
		D66D81E629F2A69700FAFB82 /* SearchResponse.swift */ = {isa = PBXFileReference; lastKnownFileType = sourcecode.swift; path = SearchResponse.swift; sourceTree = "<group>"; };
		D66D81EA29F3E14800FAFB82 /* NewsHeaderView.swift */ = {isa = PBXFileReference; lastKnownFileType = sourcecode.swift; path = NewsHeaderView.swift; sourceTree = "<group>"; };
		D66D81EC29F4101600FAFB82 /* NewsStory.swift */ = {isa = PBXFileReference; lastKnownFileType = sourcecode.swift; path = NewsStory.swift; sourceTree = "<group>"; };
		D66D81EE29F41AEA00FAFB82 /* NewsStoryTableViewCell.swift */ = {isa = PBXFileReference; lastKnownFileType = sourcecode.swift; path = NewsStoryTableViewCell.swift; sourceTree = "<group>"; };
		D66D81F029F6735A00FAFB82 /* MarketDataResponse.swift */ = {isa = PBXFileReference; lastKnownFileType = sourcecode.swift; path = MarketDataResponse.swift; sourceTree = "<group>"; };
		D66D81F229F689D000FAFB82 /* WatchlistTableViewCell.swift */ = {isa = PBXFileReference; lastKnownFileType = sourcecode.swift; path = WatchlistTableViewCell.swift; sourceTree = "<group>"; };
		D66D81F429F6900D00FAFB82 /* StockChartView.swift */ = {isa = PBXFileReference; lastKnownFileType = sourcecode.swift; path = StockChartView.swift; sourceTree = "<group>"; };
		D66D81F629F7F9DF00FAFB82 /* FinancialMetricsResponse.swift */ = {isa = PBXFileReference; lastKnownFileType = sourcecode.swift; path = FinancialMetricsResponse.swift; sourceTree = "<group>"; };
		D66D81F829F803EE00FAFB82 /* StockDetailHeaderView.swift */ = {isa = PBXFileReference; lastKnownFileType = sourcecode.swift; path = StockDetailHeaderView.swift; sourceTree = "<group>"; };
		D66D81FA29F8D77900FAFB82 /* MetricCollectionViewCell.swift */ = {isa = PBXFileReference; lastKnownFileType = sourcecode.swift; path = MetricCollectionViewCell.swift; sourceTree = "<group>"; };
		D66D820029FA3A7100FAFB82 /* StocksTests.xctest */ = {isa = PBXFileReference; explicitFileType = wrapper.cfbundle; includeInIndex = 0; path = StocksTests.xctest; sourceTree = BUILT_PRODUCTS_DIR; };
		D66D820229FA3A7100FAFB82 /* StocksTests.swift */ = {isa = PBXFileReference; lastKnownFileType = sourcecode.swift; path = StocksTests.swift; sourceTree = "<group>"; };
		D968F54637A8AF4FCBD3BA16 /* Pods-Stocks.debug.xcconfig */ = {isa = PBXFileReference; includeInIndex = 1; lastKnownFileType = text.xcconfig; name = "Pods-Stocks.debug.xcconfig"; path = "Target Support Files/Pods-Stocks/Pods-Stocks.debug.xcconfig"; sourceTree = "<group>"; };
/* End PBXFileReference section */

/* Begin PBXFrameworksBuildPhase section */
		D66D81B729F12C4F00FAFB82 /* Frameworks */ = {
			isa = PBXFrameworksBuildPhase;
			buildActionMask = 2147483647;
			files = (
				3508F6C7F196218586B3F473 /* Pods_Stocks.framework in Frameworks */,
			);
			runOnlyForDeploymentPostprocessing = 0;
		};
		D66D81FD29FA3A7100FAFB82 /* Frameworks */ = {
			isa = PBXFrameworksBuildPhase;
			buildActionMask = 2147483647;
			files = (
			);
			runOnlyForDeploymentPostprocessing = 0;
		};
/* End PBXFrameworksBuildPhase section */

/* Begin PBXGroup section */
		41A440FC6BB2E011358AFCFC /* Pods */ = {
			isa = PBXGroup;
			children = (
				D968F54637A8AF4FCBD3BA16 /* Pods-Stocks.debug.xcconfig */,
				96A47FBA86FFF8A0A48C6D8E /* Pods-Stocks.release.xcconfig */,
			);
			path = Pods;
			sourceTree = "<group>";
		};
		97815FB517C1B85DE2203DF3 /* Frameworks */ = {
			isa = PBXGroup;
			children = (
				B44A0B6BC68E4FFA2218B2CE /* Pods_Stocks.framework */,
			);
			name = Frameworks;
			sourceTree = "<group>";
		};
		D66D81B129F12C4F00FAFB82 = {
			isa = PBXGroup;
			children = (
				D66D81BC29F12C4F00FAFB82 /* Stocks */,
				D66D820129FA3A7100FAFB82 /* StocksTests */,
				D66D81BB29F12C4F00FAFB82 /* Products */,
				41A440FC6BB2E011358AFCFC /* Pods */,
				97815FB517C1B85DE2203DF3 /* Frameworks */,
			);
			sourceTree = "<group>";
		};
		D66D81BB29F12C4F00FAFB82 /* Products */ = {
			isa = PBXGroup;
			children = (
				D66D81BA29F12C4F00FAFB82 /* Stocks.app */,
				D66D820029FA3A7100FAFB82 /* StocksTests.xctest */,
			);
			name = Products;
			sourceTree = "<group>";
		};
		D66D81BC29F12C4F00FAFB82 /* Stocks */ = {
			isa = PBXGroup;
			children = (
				D66D81D529F12D5400FAFB82 /* Other */,
				D66D81D429F12D4100FAFB82 /* Managers */,
				D66D81D329F12CF600FAFB82 /* Controllers */,
				D66D81D229F12CE400FAFB82 /* Views */,
				D66D81D129F12CC400FAFB82 /* Models */,
				D66D81CB29F12C5300FAFB82 /* Info.plist */,
			);
			path = Stocks;
			sourceTree = "<group>";
		};
		D66D81D129F12CC400FAFB82 /* Models */ = {
			isa = PBXGroup;
			children = (
				D66D81E629F2A69700FAFB82 /* SearchResponse.swift */,
				D66D81EC29F4101600FAFB82 /* NewsStory.swift */,
				D66D81F029F6735A00FAFB82 /* MarketDataResponse.swift */,
				D66D81F629F7F9DF00FAFB82 /* FinancialMetricsResponse.swift */,
			);
			path = Models;
			sourceTree = "<group>";
		};
		D66D81D229F12CE400FAFB82 /* Views */ = {
			isa = PBXGroup;
			children = (
				D66D81C829F12C5300FAFB82 /* LaunchScreen.storyboard */,
				D66D81E429F28CD600FAFB82 /* SearchResultTableViewCell.swift */,
				D66D81EA29F3E14800FAFB82 /* NewsHeaderView.swift */,
				D66D81EE29F41AEA00FAFB82 /* NewsStoryTableViewCell.swift */,
				D66D81F229F689D000FAFB82 /* WatchlistTableViewCell.swift */,
				D66D81F429F6900D00FAFB82 /* StockChartView.swift */,
				D66D81F829F803EE00FAFB82 /* StockDetailHeaderView.swift */,
				D66D81FA29F8D77900FAFB82 /* MetricCollectionViewCell.swift */,
			);
			path = Views;
			sourceTree = "<group>";
		};
		D66D81D329F12CF600FAFB82 /* Controllers */ = {
			isa = PBXGroup;
			children = (
				D66D81C129F12C4F00FAFB82 /* WatchlistViewController.swift */,
				D66D81D629F12F2300FAFB82 /* NewsViewController.swift */,
				D66D81D829F12F6500FAFB82 /* SearchResultsViewController.swift */,
				D66D81DA29F1303900FAFB82 /* StockDetailsViewController.swift */,
			);
			path = Controllers;
			sourceTree = "<group>";
		};
		D66D81D429F12D4100FAFB82 /* Managers */ = {
			isa = PBXGroup;
			children = (
				D66D81DC29F14CB900FAFB82 /* APICaller.swift */,
				D66D81DE29F14CEC00FAFB82 /* PersistenceManager.swift */,
				D66D81E029F14D1B00FAFB82 /* HapticsManager.swift */,
			);
			path = Managers;
			sourceTree = "<group>";
		};
		D66D81D529F12D5400FAFB82 /* Other */ = {
			isa = PBXGroup;
			children = (
				D66D81BD29F12C4F00FAFB82 /* AppDelegate.swift */,
				D66D81BF29F12C4F00FAFB82 /* SceneDelegate.swift */,
				D66D81E229F2858000FAFB82 /* Extensions.swift */,
				D66D81C629F12C5300FAFB82 /* Assets.xcassets */,
			);
			path = Other;
			sourceTree = "<group>";
		};
		D66D820129FA3A7100FAFB82 /* StocksTests */ = {
			isa = PBXGroup;
			children = (
				D66D820229FA3A7100FAFB82 /* StocksTests.swift */,
			);
			path = StocksTests;
			sourceTree = "<group>";
		};
/* End PBXGroup section */

/* Begin PBXNativeTarget section */
		D66D81B929F12C4F00FAFB82 /* Stocks */ = {
			isa = PBXNativeTarget;
			buildConfigurationList = D66D81CE29F12C5300FAFB82 /* Build configuration list for PBXNativeTarget "Stocks" */;
			buildPhases = (
				3DA780EC6B27073FC31D3A9B /* [CP] Check Pods Manifest.lock */,
				D66D81B629F12C4F00FAFB82 /* Sources */,
				D66D81B729F12C4F00FAFB82 /* Frameworks */,
				D66D81B829F12C4F00FAFB82 /* Resources */,
				99A3D50884B44A777F5506FA /* [CP] Embed Pods Frameworks */,
			);
			buildRules = (
			);
			dependencies = (
			);
			name = Stocks;
			productName = Stocks;
			productReference = D66D81BA29F12C4F00FAFB82 /* Stocks.app */;
			productType = "com.apple.product-type.application";
		};
		D66D81FF29FA3A7100FAFB82 /* StocksTests */ = {
			isa = PBXNativeTarget;
			buildConfigurationList = D66D820829FA3A7100FAFB82 /* Build configuration list for PBXNativeTarget "StocksTests" */;
			buildPhases = (
				D66D81FC29FA3A7100FAFB82 /* Sources */,
				D66D81FD29FA3A7100FAFB82 /* Frameworks */,
				D66D81FE29FA3A7100FAFB82 /* Resources */,
			);
			buildRules = (
			);
			dependencies = (
				D66D820529FA3A7100FAFB82 /* PBXTargetDependency */,
			);
			name = StocksTests;
			productName = StocksTests;
			productReference = D66D820029FA3A7100FAFB82 /* StocksTests.xctest */;
			productType = "com.apple.product-type.bundle.unit-test";
		};
/* End PBXNativeTarget section */

/* Begin PBXProject section */
		D66D81B229F12C4F00FAFB82 /* Project object */ = {
			isa = PBXProject;
			attributes = {
				BuildIndependentTargetsInParallel = 1;
				LastSwiftUpdateCheck = 1430;
				LastUpgradeCheck = 1430;
				TargetAttributes = {
					D66D81B929F12C4F00FAFB82 = {
						CreatedOnToolsVersion = 14.3;
					};
					D66D81FF29FA3A7100FAFB82 = {
						CreatedOnToolsVersion = 14.3;
						TestTargetID = D66D81B929F12C4F00FAFB82;
					};
				};
			};
			buildConfigurationList = D66D81B529F12C4F00FAFB82 /* Build configuration list for PBXProject "Stocks" */;
			compatibilityVersion = "Xcode 14.0";
			developmentRegion = en;
			hasScannedForEncodings = 0;
			knownRegions = (
				en,
				Base,
			);
			mainGroup = D66D81B129F12C4F00FAFB82;
			productRefGroup = D66D81BB29F12C4F00FAFB82 /* Products */;
			projectDirPath = "";
			projectRoot = "";
			targets = (
				D66D81B929F12C4F00FAFB82 /* Stocks */,
				D66D81FF29FA3A7100FAFB82 /* StocksTests */,
			);
		};
/* End PBXProject section */

/* Begin PBXResourcesBuildPhase section */
		D66D81B829F12C4F00FAFB82 /* Resources */ = {
			isa = PBXResourcesBuildPhase;
			buildActionMask = 2147483647;
			files = (
				D66D81CA29F12C5300FAFB82 /* LaunchScreen.storyboard in Resources */,
				D66D81C729F12C5300FAFB82 /* Assets.xcassets in Resources */,
			);
			runOnlyForDeploymentPostprocessing = 0;
		};
		D66D81FE29FA3A7100FAFB82 /* Resources */ = {
			isa = PBXResourcesBuildPhase;
			buildActionMask = 2147483647;
			files = (
			);
			runOnlyForDeploymentPostprocessing = 0;
		};
/* End PBXResourcesBuildPhase section */

/* Begin PBXShellScriptBuildPhase section */
		3DA780EC6B27073FC31D3A9B /* [CP] Check Pods Manifest.lock */ = {
			isa = PBXShellScriptBuildPhase;
			buildActionMask = 2147483647;
			files = (
			);
			inputFileListPaths = (
			);
			inputPaths = (
				"${PODS_PODFILE_DIR_PATH}/Podfile.lock",
				"${PODS_ROOT}/Manifest.lock",
			);
			name = "[CP] Check Pods Manifest.lock";
			outputFileListPaths = (
			);
			outputPaths = (
				"$(DERIVED_FILE_DIR)/Pods-Stocks-checkManifestLockResult.txt",
			);
			runOnlyForDeploymentPostprocessing = 0;
			shellPath = /bin/sh;
			shellScript = "diff \"${PODS_PODFILE_DIR_PATH}/Podfile.lock\" \"${PODS_ROOT}/Manifest.lock\" > /dev/null\nif [ $? != 0 ] ; then\n    # print error to STDERR\n    echo \"error: The sandbox is not in sync with the Podfile.lock. Run 'pod install' or update your CocoaPods installation.\" >&2\n    exit 1\nfi\n# This output is used by Xcode 'outputs' to avoid re-running this script phase.\necho \"SUCCESS\" > \"${SCRIPT_OUTPUT_FILE_0}\"\n";
			showEnvVarsInLog = 0;
		};
		99A3D50884B44A777F5506FA /* [CP] Embed Pods Frameworks */ = {
			isa = PBXShellScriptBuildPhase;
			buildActionMask = 2147483647;
			files = (
			);
			inputFileListPaths = (
				"${PODS_ROOT}/Target Support Files/Pods-Stocks/Pods-Stocks-frameworks-${CONFIGURATION}-input-files.xcfilelist",
			);
			name = "[CP] Embed Pods Frameworks";
			outputFileListPaths = (
				"${PODS_ROOT}/Target Support Files/Pods-Stocks/Pods-Stocks-frameworks-${CONFIGURATION}-output-files.xcfilelist",
			);
			runOnlyForDeploymentPostprocessing = 0;
			shellPath = /bin/sh;
			shellScript = "\"${PODS_ROOT}/Target Support Files/Pods-Stocks/Pods-Stocks-frameworks.sh\"\n";
			showEnvVarsInLog = 0;
		};
/* End PBXShellScriptBuildPhase section */

/* Begin PBXSourcesBuildPhase section */
		D66D81B629F12C4F00FAFB82 /* Sources */ = {
			isa = PBXSourcesBuildPhase;
			buildActionMask = 2147483647;
			files = (
				D66D81F129F6735A00FAFB82 /* MarketDataResponse.swift in Sources */,
				D66D81E129F14D1B00FAFB82 /* HapticsManager.swift in Sources */,
				D66D81FB29F8D77900FAFB82 /* MetricCollectionViewCell.swift in Sources */,
				D66D81E529F28CD600FAFB82 /* SearchResultTableViewCell.swift in Sources */,
				D66D81DB29F1303900FAFB82 /* StockDetailsViewController.swift in Sources */,
				D66D81D729F12F2300FAFB82 /* NewsViewController.swift in Sources */,
				D66D81F729F7F9DF00FAFB82 /* FinancialMetricsResponse.swift in Sources */,
				D66D81C229F12C4F00FAFB82 /* WatchlistViewController.swift in Sources */,
				D66D81DD29F14CB900FAFB82 /* APICaller.swift in Sources */,
				D66D81ED29F4101600FAFB82 /* NewsStory.swift in Sources */,
				D66D81E329F2858000FAFB82 /* Extensions.swift in Sources */,
				D66D81F329F689D000FAFB82 /* WatchlistTableViewCell.swift in Sources */,
				D66D81F529F6900D00FAFB82 /* StockChartView.swift in Sources */,
				D66D81F929F803EE00FAFB82 /* StockDetailHeaderView.swift in Sources */,
				D66D81EF29F41AEA00FAFB82 /* NewsStoryTableViewCell.swift in Sources */,
				D66D81BE29F12C4F00FAFB82 /* AppDelegate.swift in Sources */,
				D66D81E729F2A69700FAFB82 /* SearchResponse.swift in Sources */,
				D66D81EB29F3E14800FAFB82 /* NewsHeaderView.swift in Sources */,
				D66D81C029F12C4F00FAFB82 /* SceneDelegate.swift in Sources */,
				D66D81D929F12F6500FAFB82 /* SearchResultsViewController.swift in Sources */,
				D66D81DF29F14CEC00FAFB82 /* PersistenceManager.swift in Sources */,
			);
			runOnlyForDeploymentPostprocessing = 0;
		};
		D66D81FC29FA3A7100FAFB82 /* Sources */ = {
			isa = PBXSourcesBuildPhase;
			buildActionMask = 2147483647;
			files = (
				D66D820329FA3A7100FAFB82 /* StocksTests.swift in Sources */,
			);
			runOnlyForDeploymentPostprocessing = 0;
		};
/* End PBXSourcesBuildPhase section */

/* Begin PBXTargetDependency section */
		D66D820529FA3A7100FAFB82 /* PBXTargetDependency */ = {
			isa = PBXTargetDependency;
			target = D66D81B929F12C4F00FAFB82 /* Stocks */;
			targetProxy = D66D820429FA3A7100FAFB82 /* PBXContainerItemProxy */;
		};
/* End PBXTargetDependency section */

/* Begin PBXVariantGroup section */
		D66D81C829F12C5300FAFB82 /* LaunchScreen.storyboard */ = {
			isa = PBXVariantGroup;
			children = (
				D66D81C929F12C5300FAFB82 /* Base */,
			);
			name = LaunchScreen.storyboard;
			sourceTree = "<group>";
		};
/* End PBXVariantGroup section */

/* Begin XCBuildConfiguration section */
		D66D81CC29F12C5300FAFB82 /* Debug */ = {
			isa = XCBuildConfiguration;
			buildSettings = {
				ALWAYS_SEARCH_USER_PATHS = NO;
				CLANG_ANALYZER_NONNULL = YES;
				CLANG_ANALYZER_NUMBER_OBJECT_CONVERSION = YES_AGGRESSIVE;
				CLANG_CXX_LANGUAGE_STANDARD = "gnu++20";
				CLANG_ENABLE_MODULES = YES;
				CLANG_ENABLE_OBJC_ARC = YES;
				CLANG_ENABLE_OBJC_WEAK = YES;
				CLANG_WARN_BLOCK_CAPTURE_AUTORELEASING = YES;
				CLANG_WARN_BOOL_CONVERSION = YES;
				CLANG_WARN_COMMA = YES;
				CLANG_WARN_CONSTANT_CONVERSION = YES;
				CLANG_WARN_DEPRECATED_OBJC_IMPLEMENTATIONS = YES;
				CLANG_WARN_DIRECT_OBJC_ISA_USAGE = YES_ERROR;
				CLANG_WARN_DOCUMENTATION_COMMENTS = YES;
				CLANG_WARN_EMPTY_BODY = YES;
				CLANG_WARN_ENUM_CONVERSION = YES;
				CLANG_WARN_INFINITE_RECURSION = YES;
				CLANG_WARN_INT_CONVERSION = YES;
				CLANG_WARN_NON_LITERAL_NULL_CONVERSION = YES;
				CLANG_WARN_OBJC_IMPLICIT_RETAIN_SELF = YES;
				CLANG_WARN_OBJC_LITERAL_CONVERSION = YES;
				CLANG_WARN_OBJC_ROOT_CLASS = YES_ERROR;
				CLANG_WARN_QUOTED_INCLUDE_IN_FRAMEWORK_HEADER = YES;
				CLANG_WARN_RANGE_LOOP_ANALYSIS = YES;
				CLANG_WARN_STRICT_PROTOTYPES = YES;
				CLANG_WARN_SUSPICIOUS_MOVE = YES;
				CLANG_WARN_UNGUARDED_AVAILABILITY = YES_AGGRESSIVE;
				CLANG_WARN_UNREACHABLE_CODE = YES;
				CLANG_WARN__DUPLICATE_METHOD_MATCH = YES;
				COPY_PHASE_STRIP = NO;
				DEBUG_INFORMATION_FORMAT = dwarf;
				ENABLE_STRICT_OBJC_MSGSEND = YES;
				ENABLE_TESTABILITY = YES;
				GCC_C_LANGUAGE_STANDARD = gnu11;
				GCC_DYNAMIC_NO_PIC = NO;
				GCC_NO_COMMON_BLOCKS = YES;
				GCC_OPTIMIZATION_LEVEL = 0;
				GCC_PREPROCESSOR_DEFINITIONS = (
					"DEBUG=1",
					"$(inherited)",
				);
				GCC_WARN_64_TO_32_BIT_CONVERSION = YES;
				GCC_WARN_ABOUT_RETURN_TYPE = YES_ERROR;
				GCC_WARN_UNDECLARED_SELECTOR = YES;
				GCC_WARN_UNINITIALIZED_AUTOS = YES_AGGRESSIVE;
				GCC_WARN_UNUSED_FUNCTION = YES;
				GCC_WARN_UNUSED_VARIABLE = YES;
				IPHONEOS_DEPLOYMENT_TARGET = 16.4;
				MTL_ENABLE_DEBUG_INFO = INCLUDE_SOURCE;
				MTL_FAST_MATH = YES;
				ONLY_ACTIVE_ARCH = YES;
				SDKROOT = iphoneos;
				SWIFT_ACTIVE_COMPILATION_CONDITIONS = DEBUG;
				SWIFT_OPTIMIZATION_LEVEL = "-Onone";
			};
			name = Debug;
		};
		D66D81CD29F12C5300FAFB82 /* Release */ = {
			isa = XCBuildConfiguration;
			buildSettings = {
				ALWAYS_SEARCH_USER_PATHS = NO;
				CLANG_ANALYZER_NONNULL = YES;
				CLANG_ANALYZER_NUMBER_OBJECT_CONVERSION = YES_AGGRESSIVE;
				CLANG_CXX_LANGUAGE_STANDARD = "gnu++20";
				CLANG_ENABLE_MODULES = YES;
				CLANG_ENABLE_OBJC_ARC = YES;
				CLANG_ENABLE_OBJC_WEAK = YES;
				CLANG_WARN_BLOCK_CAPTURE_AUTORELEASING = YES;
				CLANG_WARN_BOOL_CONVERSION = YES;
				CLANG_WARN_COMMA = YES;
				CLANG_WARN_CONSTANT_CONVERSION = YES;
				CLANG_WARN_DEPRECATED_OBJC_IMPLEMENTATIONS = YES;
				CLANG_WARN_DIRECT_OBJC_ISA_USAGE = YES_ERROR;
				CLANG_WARN_DOCUMENTATION_COMMENTS = YES;
				CLANG_WARN_EMPTY_BODY = YES;
				CLANG_WARN_ENUM_CONVERSION = YES;
				CLANG_WARN_INFINITE_RECURSION = YES;
				CLANG_WARN_INT_CONVERSION = YES;
				CLANG_WARN_NON_LITERAL_NULL_CONVERSION = YES;
				CLANG_WARN_OBJC_IMPLICIT_RETAIN_SELF = YES;
				CLANG_WARN_OBJC_LITERAL_CONVERSION = YES;
				CLANG_WARN_OBJC_ROOT_CLASS = YES_ERROR;
				CLANG_WARN_QUOTED_INCLUDE_IN_FRAMEWORK_HEADER = YES;
				CLANG_WARN_RANGE_LOOP_ANALYSIS = YES;
				CLANG_WARN_STRICT_PROTOTYPES = YES;
				CLANG_WARN_SUSPICIOUS_MOVE = YES;
				CLANG_WARN_UNGUARDED_AVAILABILITY = YES_AGGRESSIVE;
				CLANG_WARN_UNREACHABLE_CODE = YES;
				CLANG_WARN__DUPLICATE_METHOD_MATCH = YES;
				COPY_PHASE_STRIP = NO;
				DEBUG_INFORMATION_FORMAT = "dwarf-with-dsym";
				ENABLE_NS_ASSERTIONS = NO;
				ENABLE_STRICT_OBJC_MSGSEND = YES;
				GCC_C_LANGUAGE_STANDARD = gnu11;
				GCC_NO_COMMON_BLOCKS = YES;
				GCC_WARN_64_TO_32_BIT_CONVERSION = YES;
				GCC_WARN_ABOUT_RETURN_TYPE = YES_ERROR;
				GCC_WARN_UNDECLARED_SELECTOR = YES;
				GCC_WARN_UNINITIALIZED_AUTOS = YES_AGGRESSIVE;
				GCC_WARN_UNUSED_FUNCTION = YES;
				GCC_WARN_UNUSED_VARIABLE = YES;
				IPHONEOS_DEPLOYMENT_TARGET = 16.4;
				MTL_ENABLE_DEBUG_INFO = NO;
				MTL_FAST_MATH = YES;
				SDKROOT = iphoneos;
				SWIFT_COMPILATION_MODE = wholemodule;
				SWIFT_OPTIMIZATION_LEVEL = "-O";
				VALIDATE_PRODUCT = YES;
			};
			name = Release;
		};
		D66D81CF29F12C5300FAFB82 /* Debug */ = {
			isa = XCBuildConfiguration;
			baseConfigurationReference = D968F54637A8AF4FCBD3BA16 /* Pods-Stocks.debug.xcconfig */;
			buildSettings = {
				ASSETCATALOG_COMPILER_APPICON_NAME = AppIcon;
				ASSETCATALOG_COMPILER_GLOBAL_ACCENT_COLOR_NAME = AccentColor;
				CODE_SIGN_STYLE = Automatic;
				CURRENT_PROJECT_VERSION = 1;
				DEVELOPMENT_TEAM = MRYSG6L2V8;
				GENERATE_INFOPLIST_FILE = YES;
				INFOPLIST_FILE = Stocks/Info.plist;
				INFOPLIST_KEY_UIApplicationSupportsIndirectInputEvents = YES;
				INFOPLIST_KEY_UILaunchStoryboardName = LaunchScreen;
				INFOPLIST_KEY_UISupportedInterfaceOrientations = UIInterfaceOrientationPortrait;
				INFOPLIST_KEY_UISupportedInterfaceOrientations_iPad = "UIInterfaceOrientationLandscapeLeft UIInterfaceOrientationLandscapeRight UIInterfaceOrientationPortrait UIInterfaceOrientationPortraitUpsideDown";
				IPHONEOS_DEPLOYMENT_TARGET = 13.0;
				LD_RUNPATH_SEARCH_PATHS = (
					"$(inherited)",
					"@executable_path/Frameworks",
				);
				MARKETING_VERSION = 1.0;
				PRODUCT_BUNDLE_IDENTIFIER = "Ivan-Pastukhov.Stocks";
				PRODUCT_NAME = "$(TARGET_NAME)";
				SUPPORTED_PLATFORMS = "iphoneos iphonesimulator";
				SUPPORTS_MACCATALYST = NO;
				SUPPORTS_MAC_DESIGNED_FOR_IPHONE_IPAD = NO;
				SWIFT_EMIT_LOC_STRINGS = YES;
				SWIFT_VERSION = 5.0;
				TARGETED_DEVICE_FAMILY = 1;
			};
			name = Debug;
		};
		D66D81D029F12C5300FAFB82 /* Release */ = {
			isa = XCBuildConfiguration;
			baseConfigurationReference = 96A47FBA86FFF8A0A48C6D8E /* Pods-Stocks.release.xcconfig */;
			buildSettings = {
				ASSETCATALOG_COMPILER_APPICON_NAME = AppIcon;
				ASSETCATALOG_COMPILER_GLOBAL_ACCENT_COLOR_NAME = AccentColor;
				CODE_SIGN_STYLE = Automatic;
				CURRENT_PROJECT_VERSION = 1;
				DEVELOPMENT_TEAM = MRYSG6L2V8;
				GENERATE_INFOPLIST_FILE = YES;
				INFOPLIST_FILE = Stocks/Info.plist;
				INFOPLIST_KEY_UIApplicationSupportsIndirectInputEvents = YES;
				INFOPLIST_KEY_UILaunchStoryboardName = LaunchScreen;
				INFOPLIST_KEY_UISupportedInterfaceOrientations = UIInterfaceOrientationPortrait;
				INFOPLIST_KEY_UISupportedInterfaceOrientations_iPad = "UIInterfaceOrientationLandscapeLeft UIInterfaceOrientationLandscapeRight UIInterfaceOrientationPortrait UIInterfaceOrientationPortraitUpsideDown";
				IPHONEOS_DEPLOYMENT_TARGET = 13.0;
				LD_RUNPATH_SEARCH_PATHS = (
					"$(inherited)",
					"@executable_path/Frameworks",
				);
				MARKETING_VERSION = 1.0;
				PRODUCT_BUNDLE_IDENTIFIER = "Ivan-Pastukhov.Stocks";
				PRODUCT_NAME = "$(TARGET_NAME)";
				SUPPORTED_PLATFORMS = "iphoneos iphonesimulator";
				SUPPORTS_MACCATALYST = NO;
				SUPPORTS_MAC_DESIGNED_FOR_IPHONE_IPAD = NO;
				SWIFT_EMIT_LOC_STRINGS = YES;
				SWIFT_VERSION = 5.0;
				TARGETED_DEVICE_FAMILY = 1;
			};
			name = Release;
		};
		D66D820629FA3A7100FAFB82 /* Debug */ = {
			isa = XCBuildConfiguration;
			buildSettings = {
				BUNDLE_LOADER = "$(TEST_HOST)";
				CODE_SIGN_STYLE = Automatic;
				CURRENT_PROJECT_VERSION = 1;
				DEVELOPMENT_TEAM = MRYSG6L2V8;
				GENERATE_INFOPLIST_FILE = YES;
				MARKETING_VERSION = 1.0;
				PRODUCT_BUNDLE_IDENTIFIER = "Ivan-Pastukhov.StocksTests";
				PRODUCT_NAME = "$(TARGET_NAME)";
				SWIFT_EMIT_LOC_STRINGS = NO;
				SWIFT_VERSION = 5.0;
				TARGETED_DEVICE_FAMILY = "1,2";
				TEST_HOST = "$(BUILT_PRODUCTS_DIR)/Stocks.app/$(BUNDLE_EXECUTABLE_FOLDER_PATH)/Stocks";
			};
			name = Debug;
		};
		D66D820729FA3A7100FAFB82 /* Release */ = {
			isa = XCBuildConfiguration;
			buildSettings = {
				BUNDLE_LOADER = "$(TEST_HOST)";
				CODE_SIGN_STYLE = Automatic;
				CURRENT_PROJECT_VERSION = 1;
				DEVELOPMENT_TEAM = MRYSG6L2V8;
				GENERATE_INFOPLIST_FILE = YES;
				MARKETING_VERSION = 1.0;
				PRODUCT_BUNDLE_IDENTIFIER = "Ivan-Pastukhov.StocksTests";
				PRODUCT_NAME = "$(TARGET_NAME)";
				SWIFT_EMIT_LOC_STRINGS = NO;
				SWIFT_VERSION = 5.0;
				TARGETED_DEVICE_FAMILY = "1,2";
				TEST_HOST = "$(BUILT_PRODUCTS_DIR)/Stocks.app/$(BUNDLE_EXECUTABLE_FOLDER_PATH)/Stocks";
			};
			name = Release;
		};
/* End XCBuildConfiguration section */

/* Begin XCConfigurationList section */
		D66D81B529F12C4F00FAFB82 /* Build configuration list for PBXProject "Stocks" */ = {
			isa = XCConfigurationList;
			buildConfigurations = (
				D66D81CC29F12C5300FAFB82 /* Debug */,
				D66D81CD29F12C5300FAFB82 /* Release */,
			);
			defaultConfigurationIsVisible = 0;
			defaultConfigurationName = Release;
		};
		D66D81CE29F12C5300FAFB82 /* Build configuration list for PBXNativeTarget "Stocks" */ = {
			isa = XCConfigurationList;
			buildConfigurations = (
				D66D81CF29F12C5300FAFB82 /* Debug */,
				D66D81D029F12C5300FAFB82 /* Release */,
			);
			defaultConfigurationIsVisible = 0;
			defaultConfigurationName = Release;
		};
		D66D820829FA3A7100FAFB82 /* Build configuration list for PBXNativeTarget "StocksTests" */ = {
			isa = XCConfigurationList;
			buildConfigurations = (
				D66D820629FA3A7100FAFB82 /* Debug */,
				D66D820729FA3A7100FAFB82 /* Release */,
			);
			defaultConfigurationIsVisible = 0;
			defaultConfigurationName = Release;
		};
/* End XCConfigurationList section */
	};
	rootObject = D66D81B229F12C4F00FAFB82 /* Project object */;
}
